
Microsoft Visual Studio Solution File, Format Version 12.00
# Visual Studio Version 17
VisualStudioVersion = 17.1.32328.378
MinimumVisualStudioVersion = 10.0.40219.1
Project("{FAE04EC0-301F-11D3-BF4B-00C04F79EFBC}") = "PatientEvaluationApp_UTCN.UWP", "PatientEvaluationApp_UTCN.UWP\PatientEvaluationApp_UTCN.UWP.csproj", "{C9827616-65AD-4248-8F87-B873FFBD3BC5}"
EndProject
Project("{FAE04EC0-301F-11D3-BF4B-00C04F79EFBC}") = "PatientEvaluationApp_UTCN.Android", "PatientEvaluationApp_UTCN.Android\PatientEvaluationApp_UTCN.Android.csproj", "{0D2C1332-AE2F-47A1-9BF3-C8A66C1B1664}"
EndProject
Project("{FAE04EC0-301F-11D3-BF4B-00C04F79EFBC}") = "PatientEvaluationApp_UTCN.iOS", "PatientEvaluationApp_UTCN.iOS\PatientEvaluationApp_UTCN.iOS.csproj", "{516A8123-5767-4364-8EEE-0FAD5E6B2E09}"
EndProject
Project("{9A19103F-16F7-4668-BE54-9A1E7A4F7556}") = "PatientEvaluationApp_UTCN", "PatientEvaluationApp_UTCN\PatientEvaluationApp_UTCN.csproj", "{CA7D40FD-4B43-49B5-890B-723CB44369BD}"
EndProject
Global
	GlobalSection(SolutionConfigurationPlatforms) = preSolution
		Debug|Any CPU = Debug|Any CPU
		Debug|ARM = Debug|ARM
		Debug|iPhone = Debug|iPhone
		Debug|iPhoneSimulator = Debug|iPhoneSimulator
		Debug|x64 = Debug|x64
		Debug|x86 = Debug|x86
		Release|Any CPU = Release|Any CPU
		Release|ARM = Release|ARM
		Release|iPhone = Release|iPhone
		Release|iPhoneSimulator = Release|iPhoneSimulator
		Release|x64 = Release|x64
		Release|x86 = Release|x86
	EndGlobalSection
	GlobalSection(ProjectConfigurationPlatforms) = postSolution
		{C9827616-65AD-4248-8F87-B873FFBD3BC5}.Debug|Any CPU.ActiveCfg = Debug|x64
		{C9827616-65AD-4248-8F87-B873FFBD3BC5}.Debug|Any CPU.Build.0 = Debug|x64
		{C9827616-65AD-4248-8F87-B873FFBD3BC5}.Debug|Any CPU.Deploy.0 = Debug|x64
		{C9827616-65AD-4248-8F87-B873FFBD3BC5}.Debug|ARM.ActiveCfg = Debug|ARM
		{C9827616-65AD-4248-8F87-B873FFBD3BC5}.Debug|ARM.Build.0 = Debug|ARM
		{C9827616-65AD-4248-8F87-B873FFBD3BC5}.Debug|ARM.Deploy.0 = Debug|ARM
		{C9827616-65AD-4248-8F87-B873FFBD3BC5}.Debug|iPhone.ActiveCfg = Debug|x64
		{C9827616-65AD-4248-8F87-B873FFBD3BC5}.Debug|iPhone.Build.0 = Debug|x64
		{C9827616-65AD-4248-8F87-B873FFBD3BC5}.Debug|iPhone.Deploy.0 = Debug|x64
		{C9827616-65AD-4248-8F87-B873FFBD3BC5}.Debug|iPhoneSimulator.ActiveCfg = Debug|x64
		{C9827616-65AD-4248-8F87-B873FFBD3BC5}.Debug|iPhoneSimulator.Build.0 = Debug|x64
		{C9827616-65AD-4248-8F87-B873FFBD3BC5}.Debug|iPhoneSimulator.Deploy.0 = Debug|x64
		{C9827616-65AD-4248-8F87-B873FFBD3BC5}.Debug|x64.ActiveCfg = Debug|x64
		{C9827616-65AD-4248-8F87-B873FFBD3BC5}.Debug|x64.Build.0 = Debug|x64
		{C9827616-65AD-4248-8F87-B873FFBD3BC5}.Debug|x64.Deploy.0 = Debug|x64
		{C9827616-65AD-4248-8F87-B873FFBD3BC5}.Debug|x86.ActiveCfg = Debug|x86
		{C9827616-65AD-4248-8F87-B873FFBD3BC5}.Debug|x86.Build.0 = Debug|x86
		{C9827616-65AD-4248-8F87-B873FFBD3BC5}.Debug|x86.Deploy.0 = Debug|x86
		{C9827616-65AD-4248-8F87-B873FFBD3BC5}.Release|Any CPU.ActiveCfg = Release|x64
		{C9827616-65AD-4248-8F87-B873FFBD3BC5}.Release|Any CPU.Build.0 = Release|x64
		{C9827616-65AD-4248-8F87-B873FFBD3BC5}.Release|Any CPU.Deploy.0 = Release|x64
		{C9827616-65AD-4248-8F87-B873FFBD3BC5}.Release|ARM.ActiveCfg = Release|ARM
		{C9827616-65AD-4248-8F87-B873FFBD3BC5}.Release|ARM.Build.0 = Release|ARM
		{C9827616-65AD-4248-8F87-B873FFBD3BC5}.Release|ARM.Deploy.0 = Release|ARM
		{C9827616-65AD-4248-8F87-B873FFBD3BC5}.Release|iPhone.ActiveCfg = Release|x64
		{C9827616-65AD-4248-8F87-B873FFBD3BC5}.Release|iPhone.Build.0 = Release|x64
		{C9827616-65AD-4248-8F87-B873FFBD3BC5}.Release|iPhone.Deploy.0 = Release|x64
		{C9827616-65AD-4248-8F87-B873FFBD3BC5}.Release|iPhoneSimulator.ActiveCfg = Release|x64
		{C9827616-65AD-4248-8F87-B873FFBD3BC5}.Release|iPhoneSimulator.Build.0 = Release|x64
		{C9827616-65AD-4248-8F87-B873FFBD3BC5}.Release|iPhoneSimulator.Deploy.0 = Release|x64
		{C9827616-65AD-4248-8F87-B873FFBD3BC5}.Release|x64.ActiveCfg = Release|x64
		{C9827616-65AD-4248-8F87-B873FFBD3BC5}.Release|x64.Build.0 = Release|x64
		{C9827616-65AD-4248-8F87-B873FFBD3BC5}.Release|x64.Deploy.0 = Release|x64
		{C9827616-65AD-4248-8F87-B873FFBD3BC5}.Release|x86.ActiveCfg = Release|x86
		{C9827616-65AD-4248-8F87-B873FFBD3BC5}.Release|x86.Build.0 = Release|x86
		{C9827616-65AD-4248-8F87-B873FFBD3BC5}.Release|x86.Deploy.0 = Release|x86
		{0D2C1332-AE2F-47A1-9BF3-C8A66C1B1664}.Debug|Any CPU.ActiveCfg = Debug|Any CPU
		{0D2C1332-AE2F-47A1-9BF3-C8A66C1B1664}.Debug|Any CPU.Build.0 = Debug|Any CPU
		{0D2C1332-AE2F-47A1-9BF3-C8A66C1B1664}.Debug|Any CPU.Deploy.0 = Debug|Any CPU
		{0D2C1332-AE2F-47A1-9BF3-C8A66C1B1664}.Debug|ARM.ActiveCfg = Debug|Any CPU
		{0D2C1332-AE2F-47A1-9BF3-C8A66C1B1664}.Debug|ARM.Build.0 = Debug|Any CPU
		{0D2C1332-AE2F-47A1-9BF3-C8A66C1B1664}.Debug|ARM.Deploy.0 = Debug|Any CPU
		{0D2C1332-AE2F-47A1-9BF3-C8A66C1B1664}.Debug|iPhone.ActiveCfg = Debug|Any CPU
		{0D2C1332-AE2F-47A1-9BF3-C8A66C1B1664}.Debug|iPhone.Build.0 = Debug|Any CPU
		{0D2C1332-AE2F-47A1-9BF3-C8A66C1B1664}.Debug|iPhone.Deploy.0 = Debug|Any CPU
		{0D2C1332-AE2F-47A1-9BF3-C8A66C1B1664}.Debug|iPhoneSimulator.ActiveCfg = Debug|Any CPU
		{0D2C1332-AE2F-47A1-9BF3-C8A66C1B1664}.Debug|iPhoneSimulator.Build.0 = Debug|Any CPU
		{0D2C1332-AE2F-47A1-9BF3-C8A66C1B1664}.Debug|iPhoneSimulator.Deploy.0 = Debug|Any CPU
		{0D2C1332-AE2F-47A1-9BF3-C8A66C1B1664}.Debug|x64.ActiveCfg = Debug|Any CPU
		{0D2C1332-AE2F-47A1-9BF3-C8A66C1B1664}.Debug|x64.Build.0 = Debug|Any CPU
		{0D2C1332-AE2F-47A1-9BF3-C8A66C1B1664}.Debug|x64.Deploy.0 = Debug|Any CPU
		{0D2C1332-AE2F-47A1-9BF3-C8A66C1B1664}.Debug|x86.ActiveCfg = Debug|Any CPU
		{0D2C1332-AE2F-47A1-9BF3-C8A66C1B1664}.Debug|x86.Build.0 = Debug|Any CPU
		{0D2C1332-AE2F-47A1-9BF3-C8A66C1B1664}.Debug|x86.Deploy.0 = Debug|Any CPU
		{0D2C1332-AE2F-47A1-9BF3-C8A66C1B1664}.Release|Any CPU.ActiveCfg = Release|Any CPU
		{0D2C1332-AE2F-47A1-9BF3-C8A66C1B1664}.Release|Any CPU.Build.0 = Release|Any CPU
		{0D2C1332-AE2F-47A1-9BF3-C8A66C1B1664}.Release|Any CPU.Deploy.0 = Release|Any CPU
		{0D2C1332-AE2F-47A1-9BF3-C8A66C1B1664}.Release|ARM.ActiveCfg = Release|Any CPU
		{0D2C1332-AE2F-47A1-9BF3-C8A66C1B1664}.Release|ARM.Build.0 = Release|Any CPU
		{0D2C1332-AE2F-47A1-9BF3-C8A66C1B1664}.Release|ARM.Deploy.0 = Release|Any CPU
		{0D2C1332-AE2F-47A1-9BF3-C8A66C1B1664}.Release|iPhone.ActiveCfg = Release|Any CPU
		{0D2C1332-AE2F-47A1-9BF3-C8A66C1B1664}.Release|iPhone.Build.0 = Release|Any CPU
		{0D2C1332-AE2F-47A1-9BF3-C8A66C1B1664}.Release|iPhone.Deploy.0 = Release|Any CPU
		{0D2C1332-AE2F-47A1-9BF3-C8A66C1B1664}.Release|iPhoneSimulator.ActiveCfg = Release|Any CPU
		{0D2C1332-AE2F-47A1-9BF3-C8A66C1B1664}.Release|iPhoneSimulator.Build.0 = Release|Any CPU
		{0D2C1332-AE2F-47A1-9BF3-C8A66C1B1664}.Release|iPhoneSimulator.Deploy.0 = Release|Any CPU
		{0D2C1332-AE2F-47A1-9BF3-C8A66C1B1664}.Release|x64.ActiveCfg = Release|Any CPU
		{0D2C1332-AE2F-47A1-9BF3-C8A66C1B1664}.Release|x64.Build.0 = Release|Any CPU
		{0D2C1332-AE2F-47A1-9BF3-C8A66C1B1664}.Release|x64.Deploy.0 = Release|Any CPU
		{0D2C1332-AE2F-47A1-9BF3-C8A66C1B1664}.Release|x86.ActiveCfg = Release|Any CPU
		{0D2C1332-AE2F-47A1-9BF3-C8A66C1B1664}.Release|x86.Build.0 = Release|Any CPU
		{0D2C1332-AE2F-47A1-9BF3-C8A66C1B1664}.Release|x86.Deploy.0 = Release|Any CPU
		{516A8123-5767-4364-8EEE-0FAD5E6B2E09}.Debug|Any CPU.ActiveCfg = Debug|iPhoneSimulator
		{516A8123-5767-4364-8EEE-0FAD5E6B2E09}.Debug|Any CPU.Build.0 = Debug|iPhoneSimulator
		{516A8123-5767-4364-8EEE-0FAD5E6B2E09}.Debug|Any CPU.Deploy.0 = Debug|iPhoneSimulator
		{516A8123-5767-4364-8EEE-0FAD5E6B2E09}.Debug|ARM.ActiveCfg = Debug|iPhoneSimulator
		{516A8123-5767-4364-8EEE-0FAD5E6B2E09}.Debug|ARM.Build.0 = Debug|iPhoneSimulator
		{516A8123-5767-4364-8EEE-0FAD5E6B2E09}.Debug|ARM.Deploy.0 = Debug|iPhoneSimulator
		{516A8123-5767-4364-8EEE-0FAD5E6B2E09}.Debug|iPhone.ActiveCfg = Debug|iPhone
		{516A8123-5767-4364-8EEE-0FAD5E6B2E09}.Debug|iPhone.Build.0 = Debug|iPhone
		{516A8123-5767-4364-8EEE-0FAD5E6B2E09}.Debug|iPhone.Deploy.0 = Debug|iPhone
		{516A8123-5767-4364-8EEE-0FAD5E6B2E09}.Debug|iPhoneSimulator.ActiveCfg = Debug|iPhoneSimulator
		{516A8123-5767-4364-8EEE-0FAD5E6B2E09}.Debug|iPhoneSimulator.Build.0 = Debug|iPhoneSimulator
		{516A8123-5767-4364-8EEE-0FAD5E6B2E09}.Debug|iPhoneSimulator.Deploy.0 = Debug|iPhoneSimulator
		{516A8123-5767-4364-8EEE-0FAD5E6B2E09}.Debug|x64.ActiveCfg = Debug|iPhone
		{516A8123-5767-4364-8EEE-0FAD5E6B2E09}.Debug|x64.Build.0 = Debug|iPhone
		{516A8123-5767-4364-8EEE-0FAD5E6B2E09}.Debug|x64.Deploy.0 = Debug|iPhone
		{516A8123-5767-4364-8EEE-0FAD5E6B2E09}.Debug|x86.ActiveCfg = Debug|iPhoneSimulator
		{516A8123-5767-4364-8EEE-0FAD5E6B2E09}.Debug|x86.Build.0 = Debug|iPhoneSimulator
		{516A8123-5767-4364-8EEE-0FAD5E6B2E09}.Debug|x86.Deploy.0 = Debug|iPhoneSimulator
		{516A8123-5767-4364-8EEE-0FAD5E6B2E09}.Release|Any CPU.ActiveCfg = Release|iPhoneSimulator
		{516A8123-5767-4364-8EEE-0FAD5E6B2E09}.Release|Any CPU.Build.0 = Release|iPhoneSimulator
		{516A8123-5767-4364-8EEE-0FAD5E6B2E09}.Release|Any CPU.Deploy.0 = Release|iPhoneSimulator
		{516A8123-5767-4364-8EEE-0FAD5E6B2E09}.Release|ARM.ActiveCfg = Release|iPhoneSimulator
		{516A8123-5767-4364-8EEE-0FAD5E6B2E09}.Release|ARM.Build.0 = Release|iPhoneSimulator
		{516A8123-5767-4364-8EEE-0FAD5E6B2E09}.Release|ARM.Deploy.0 = Release|iPhoneSimulator
		{516A8123-5767-4364-8EEE-0FAD5E6B2E09}.Release|iPhone.ActiveCfg = Release|iPhone
		{516A8123-5767-4364-8EEE-0FAD5E6B2E09}.Release|iPhone.Build.0 = Release|iPhone
		{516A8123-5767-4364-8EEE-0FAD5E6B2E09}.Release|iPhone.Deploy.0 = Release|iPhone
		{516A8123-5767-4364-8EEE-0FAD5E6B2E09}.Release|iPhoneSimulator.ActiveCfg = Release|iPhoneSimulator
		{516A8123-5767-4364-8EEE-0FAD5E6B2E09}.Release|iPhoneSimulator.Build.0 = Release|iPhoneSimulator
		{516A8123-5767-4364-8EEE-0FAD5E6B2E09}.Release|iPhoneSimulator.Deploy.0 = Release|iPhoneSimulator
		{516A8123-5767-4364-8EEE-0FAD5E6B2E09}.Release|x64.ActiveCfg = Release|iPhoneSimulator
		{516A8123-5767-4364-8EEE-0FAD5E6B2E09}.Release|x64.Build.0 = Release|iPhoneSimulator
		{516A8123-5767-4364-8EEE-0FAD5E6B2E09}.Release|x64.Deploy.0 = Release|iPhoneSimulator
		{516A8123-5767-4364-8EEE-0FAD5E6B2E09}.Release|x86.ActiveCfg = Release|iPhoneSimulator
		{516A8123-5767-4364-8EEE-0FAD5E6B2E09}.Release|x86.Build.0 = Release|iPhoneSimulator
		{516A8123-5767-4364-8EEE-0FAD5E6B2E09}.Release|x86.Deploy.0 = Release|iPhoneSimulator
		{CA7D40FD-4B43-49B5-890B-723CB44369BD}.Debug|Any CPU.ActiveCfg = Debug|Any CPU
		{CA7D40FD-4B43-49B5-890B-723CB44369BD}.Debug|Any CPU.Build.0 = Debug|Any CPU
		{CA7D40FD-4B43-49B5-890B-723CB44369BD}.Debug|Any CPU.Deploy.0 = Debug|Any CPU
		{CA7D40FD-4B43-49B5-890B-723CB44369BD}.Debug|ARM.ActiveCfg = Debug|Any CPU
		{CA7D40FD-4B43-49B5-890B-723CB44369BD}.Debug|ARM.Build.0 = Debug|Any CPU
		{CA7D40FD-4B43-49B5-890B-723CB44369BD}.Debug|ARM.Deploy.0 = Debug|Any CPU
		{CA7D40FD-4B43-49B5-890B-723CB44369BD}.Debug|iPhone.ActiveCfg = Debug|Any CPU
		{CA7D40FD-4B43-49B5-890B-723CB44369BD}.Debug|iPhone.Build.0 = Debug|Any CPU
		{CA7D40FD-4B43-49B5-890B-723CB44369BD}.Debug|iPhone.Deploy.0 = Debug|Any CPU
		{CA7D40FD-4B43-49B5-890B-723CB44369BD}.Debug|iPhoneSimulator.ActiveCfg = Debug|Any CPU
		{CA7D40FD-4B43-49B5-890B-723CB44369BD}.Debug|iPhoneSimulator.Build.0 = Debug|Any CPU
		{CA7D40FD-4B43-49B5-890B-723CB44369BD}.Debug|iPhoneSimulator.Deploy.0 = Debug|Any CPU
		{CA7D40FD-4B43-49B5-890B-723CB44369BD}.Debug|x64.ActiveCfg = Debug|Any CPU
		{CA7D40FD-4B43-49B5-890B-723CB44369BD}.Debug|x64.Build.0 = Debug|Any CPU
		{CA7D40FD-4B43-49B5-890B-723CB44369BD}.Debug|x64.Deploy.0 = Debug|Any CPU
		{CA7D40FD-4B43-49B5-890B-723CB44369BD}.Debug|x86.ActiveCfg = Debug|Any CPU
		{CA7D40FD-4B43-49B5-890B-723CB44369BD}.Debug|x86.Build.0 = Debug|Any CPU
		{CA7D40FD-4B43-49B5-890B-723CB44369BD}.Debug|x86.Deploy.0 = Debug|Any CPU
		{CA7D40FD-4B43-49B5-890B-723CB44369BD}.Release|Any CPU.ActiveCfg = Release|Any CPU
		{CA7D40FD-4B43-49B5-890B-723CB44369BD}.Release|Any CPU.Build.0 = Release|Any CPU
		{CA7D40FD-4B43-49B5-890B-723CB44369BD}.Release|Any CPU.Deploy.0 = Release|Any CPU
		{CA7D40FD-4B43-49B5-890B-723CB44369BD}.Release|ARM.ActiveCfg = Release|Any CPU
		{CA7D40FD-4B43-49B5-890B-723CB44369BD}.Release|ARM.Build.0 = Release|Any CPU
		{CA7D40FD-4B43-49B5-890B-723CB44369BD}.Release|ARM.Deploy.0 = Release|Any CPU
		{CA7D40FD-4B43-49B5-890B-723CB44369BD}.Release|iPhone.ActiveCfg = Release|Any CPU
		{CA7D40FD-4B43-49B5-890B-723CB44369BD}.Release|iPhone.Build.0 = Release|Any CPU
		{CA7D40FD-4B43-49B5-890B-723CB44369BD}.Release|iPhone.Deploy.0 = Release|Any CPU
		{CA7D40FD-4B43-49B5-890B-723CB44369BD}.Release|iPhoneSimulator.ActiveCfg = Release|Any CPU
		{CA7D40FD-4B43-49B5-890B-723CB44369BD}.Release|iPhoneSimulator.Build.0 = Release|Any CPU
		{CA7D40FD-4B43-49B5-890B-723CB44369BD}.Release|iPhoneSimulator.Deploy.0 = Release|Any CPU
		{CA7D40FD-4B43-49B5-890B-723CB44369BD}.Release|x64.ActiveCfg = Release|Any CPU
		{CA7D40FD-4B43-49B5-890B-723CB44369BD}.Release|x64.Build.0 = Release|Any CPU
		{CA7D40FD-4B43-49B5-890B-723CB44369BD}.Release|x64.Deploy.0 = Release|Any CPU
		{CA7D40FD-4B43-49B5-890B-723CB44369BD}.Release|x86.ActiveCfg = Release|Any CPU
		{CA7D40FD-4B43-49B5-890B-723CB44369BD}.Release|x86.Build.0 = Release|Any CPU
		{CA7D40FD-4B43-49B5-890B-723CB44369BD}.Release|x86.Deploy.0 = Release|Any CPU
	EndGlobalSection
	GlobalSection(SolutionProperties) = preSolution
		HideSolutionNode = FALSE
	EndGlobalSection
	GlobalSection(ExtensibilityGlobals) = postSolution
		SolutionGuid = {D175DF2C-D372-4891-87FF-3F86E1749F84}
	EndGlobalSection
EndGlobal
